// !$*UTF8*$!
{
	archiveVersion = 1;
	classes = {
	};
	objectVersion = 50;
	objects = {

/* Begin PBXBuildFile section */
		D9AEFCB0243D752B0044DE73 /* AppDelegate.swift in Sources */ = {isa = PBXBuildFile; fileRef = D9AEFCAF243D752B0044DE73 /* AppDelegate.swift */; };
		D9AEFCB2243D752B0044DE73 /* ViewController.swift in Sources */ = {isa = PBXBuildFile; fileRef = D9AEFCB1243D752B0044DE73 /* ViewController.swift */; };
		D9AEFCB4243D752C0044DE73 /* Assets.xcassets in Resources */ = {isa = PBXBuildFile; fileRef = D9AEFCB3243D752C0044DE73 /* Assets.xcassets */; };
		D9AEFCB7243D752C0044DE73 /* Main.storyboard in Resources */ = {isa = PBXBuildFile; fileRef = D9AEFCB5243D752C0044DE73 /* Main.storyboard */; };
		D9AEFCC3243D752C0044DE73 /* MandelbrotOSX3Tests.swift in Sources */ = {isa = PBXBuildFile; fileRef = D9AEFCC2243D752C0044DE73 /* MandelbrotOSX3Tests.swift */; };
		D9AEFCCE243D752C0044DE73 /* MandelbrotOSX3UITests.swift in Sources */ = {isa = PBXBuildFile; fileRef = D9AEFCCD243D752C0044DE73 /* MandelbrotOSX3UITests.swift */; };
		D9AEFCDC243D778B0044DE73 /* CustomImageView.swift in Sources */ = {isa = PBXBuildFile; fileRef = D9AEFCDB243D778B0044DE73 /* CustomImageView.swift */; };
		D9C71E95243E8A4C001A9DA7 /* CustomImage.swift in Sources */ = {isa = PBXBuildFile; fileRef = D9C71E94243E8A4C001A9DA7 /* CustomImage.swift */; };
/* End PBXBuildFile section */

/* Begin PBXContainerItemProxy section */
		D9AEFCBF243D752C0044DE73 /* PBXContainerItemProxy */ = {
			isa = PBXContainerItemProxy;
			containerPortal = D9AEFCA4243D752B0044DE73 /* Project object */;
			proxyType = 1;
			remoteGlobalIDString = D9AEFCAB243D752B0044DE73;
			remoteInfo = MandelbrotOSX3;
		};
		D9AEFCCA243D752C0044DE73 /* PBXContainerItemProxy */ = {
			isa = PBXContainerItemProxy;
			containerPortal = D9AEFCA4243D752B0044DE73 /* Project object */;
			proxyType = 1;
			remoteGlobalIDString = D9AEFCAB243D752B0044DE73;
			remoteInfo = MandelbrotOSX3;
		};
/* End PBXContainerItemProxy section */

/* Begin PBXFileReference section */
		D9AEFCAC243D752B0044DE73 /* MandelbrotOSX3.app */ = {isa = PBXFileReference; explicitFileType = wrapper.application; includeInIndex = 0; path = MandelbrotOSX3.app; sourceTree = BUILT_PRODUCTS_DIR; };
		D9AEFCAF243D752B0044DE73 /* AppDelegate.swift */ = {isa = PBXFileReference; lastKnownFileType = sourcecode.swift; path = AppDelegate.swift; sourceTree = "<group>"; };
		D9AEFCB1243D752B0044DE73 /* ViewController.swift */ = {isa = PBXFileReference; lastKnownFileType = sourcecode.swift; path = ViewController.swift; sourceTree = "<group>"; };
		D9AEFCB3243D752C0044DE73 /* Assets.xcassets */ = {isa = PBXFileReference; lastKnownFileType = folder.assetcatalog; path = Assets.xcassets; sourceTree = "<group>"; };
		D9AEFCB6243D752C0044DE73 /* Base */ = {isa = PBXFileReference; lastKnownFileType = file.storyboard; name = Base; path = Base.lproj/Main.storyboard; sourceTree = "<group>"; };
		D9AEFCB8243D752C0044DE73 /* Info.plist */ = {isa = PBXFileReference; lastKnownFileType = text.plist.xml; path = Info.plist; sourceTree = "<group>"; };
		D9AEFCB9243D752C0044DE73 /* MandelbrotOSX3.entitlements */ = {isa = PBXFileReference; lastKnownFileType = text.plist.entitlements; path = MandelbrotOSX3.entitlements; sourceTree = "<group>"; };
		D9AEFCBE243D752C0044DE73 /* MandelbrotOSX3Tests.xctest */ = {isa = PBXFileReference; explicitFileType = wrapper.cfbundle; includeInIndex = 0; path = MandelbrotOSX3Tests.xctest; sourceTree = BUILT_PRODUCTS_DIR; };
		D9AEFCC2243D752C0044DE73 /* MandelbrotOSX3Tests.swift */ = {isa = PBXFileReference; lastKnownFileType = sourcecode.swift; path = MandelbrotOSX3Tests.swift; sourceTree = "<group>"; };
		D9AEFCC4243D752C0044DE73 /* Info.plist */ = {isa = PBXFileReference; lastKnownFileType = text.plist.xml; path = Info.plist; sourceTree = "<group>"; };
		D9AEFCC9243D752C0044DE73 /* MandelbrotOSX3UITests.xctest */ = {isa = PBXFileReference; explicitFileType = wrapper.cfbundle; includeInIndex = 0; path = MandelbrotOSX3UITests.xctest; sourceTree = BUILT_PRODUCTS_DIR; };
		D9AEFCCD243D752C0044DE73 /* MandelbrotOSX3UITests.swift */ = {isa = PBXFileReference; lastKnownFileType = sourcecode.swift; path = MandelbrotOSX3UITests.swift; sourceTree = "<group>"; };
		D9AEFCCF243D752C0044DE73 /* Info.plist */ = {isa = PBXFileReference; lastKnownFileType = text.plist.xml; path = Info.plist; sourceTree = "<group>"; };
		D9AEFCDB243D778B0044DE73 /* CustomImageView.swift */ = {isa = PBXFileReference; lastKnownFileType = sourcecode.swift; path = CustomImageView.swift; sourceTree = "<group>"; };
		D9C71E94243E8A4C001A9DA7 /* CustomImage.swift */ = {isa = PBXFileReference; lastKnownFileType = sourcecode.swift; path = CustomImage.swift; sourceTree = "<group>"; };
/* End PBXFileReference section */

/* Begin PBXFrameworksBuildPhase section */
		D9AEFCA9243D752B0044DE73 /* Frameworks */ = {
			isa = PBXFrameworksBuildPhase;
			buildActionMask = 2147483647;
			files = (
			);
			runOnlyForDeploymentPostprocessing = 0;
		};
		D9AEFCBB243D752C0044DE73 /* Frameworks */ = {
			isa = PBXFrameworksBuildPhase;
			buildActionMask = 2147483647;
			files = (
			);
			runOnlyForDeploymentPostprocessing = 0;
		};
		D9AEFCC6243D752C0044DE73 /* Frameworks */ = {
			isa = PBXFrameworksBuildPhase;
			buildActionMask = 2147483647;
			files = (
			);
			runOnlyForDeploymentPostprocessing = 0;
		};
/* End PBXFrameworksBuildPhase section */

/* Begin PBXGroup section */
		D9AEFCA3243D752B0044DE73 = {
			isa = PBXGroup;
			children = (
				D9AEFCAE243D752B0044DE73 /* MandelbrotOSX3 */,
				D9AEFCC1243D752C0044DE73 /* MandelbrotOSX3Tests */,
				D9AEFCCC243D752C0044DE73 /* MandelbrotOSX3UITests */,
				D9AEFCAD243D752B0044DE73 /* Products */,
			);
			sourceTree = "<group>";
		};
		D9AEFCAD243D752B0044DE73 /* Products */ = {
			isa = PBXGroup;
			children = (
				D9AEFCAC243D752B0044DE73 /* MandelbrotOSX3.app */,
				D9AEFCBE243D752C0044DE73 /* MandelbrotOSX3Tests.xctest */,
				D9AEFCC9243D752C0044DE73 /* MandelbrotOSX3UITests.xctest */,
			);
			name = Products;
			sourceTree = "<group>";
		};
		D9AEFCAE243D752B0044DE73 /* MandelbrotOSX3 */ = {
			isa = PBXGroup;
			children = (
				D9AEFCAF243D752B0044DE73 /* AppDelegate.swift */,
				D9AEFCB1243D752B0044DE73 /* ViewController.swift */,
				D9AEFCDB243D778B0044DE73 /* CustomImageView.swift */,
				D9C71E94243E8A4C001A9DA7 /* CustomImage.swift */,
				D9AEFCB3243D752C0044DE73 /* Assets.xcassets */,
				D9AEFCB5243D752C0044DE73 /* Main.storyboard */,
				D9AEFCB8243D752C0044DE73 /* Info.plist */,
				D9AEFCB9243D752C0044DE73 /* MandelbrotOSX3.entitlements */,
			);
			path = MandelbrotOSX3;
			sourceTree = "<group>";
		};
		D9AEFCC1243D752C0044DE73 /* MandelbrotOSX3Tests */ = {
			isa = PBXGroup;
			children = (
				D9AEFCC2243D752C0044DE73 /* MandelbrotOSX3Tests.swift */,
				D9AEFCC4243D752C0044DE73 /* Info.plist */,
			);
			path = MandelbrotOSX3Tests;
			sourceTree = "<group>";
		};
		D9AEFCCC243D752C0044DE73 /* MandelbrotOSX3UITests */ = {
			isa = PBXGroup;
			children = (
				D9AEFCCD243D752C0044DE73 /* MandelbrotOSX3UITests.swift */,
				D9AEFCCF243D752C0044DE73 /* Info.plist */,
			);
			path = MandelbrotOSX3UITests;
			sourceTree = "<group>";
		};
/* End PBXGroup section */

/* Begin PBXNativeTarget section */
		D9AEFCAB243D752B0044DE73 /* MandelbrotOSX3 */ = {
			isa = PBXNativeTarget;
			buildConfigurationList = D9AEFCD2243D752C0044DE73 /* Build configuration list for PBXNativeTarget "MandelbrotOSX3" */;
			buildPhases = (
				D9AEFCA8243D752B0044DE73 /* Sources */,
				D9AEFCA9243D752B0044DE73 /* Frameworks */,
				D9AEFCAA243D752B0044DE73 /* Resources */,
			);
			buildRules = (
			);
			dependencies = (
			);
			name = MandelbrotOSX3;
			productName = MandelbrotOSX3;
			productReference = D9AEFCAC243D752B0044DE73 /* MandelbrotOSX3.app */;
			productType = "com.apple.product-type.application";
		};
		D9AEFCBD243D752C0044DE73 /* MandelbrotOSX3Tests */ = {
			isa = PBXNativeTarget;
			buildConfigurationList = D9AEFCD5243D752C0044DE73 /* Build configuration list for PBXNativeTarget "MandelbrotOSX3Tests" */;
			buildPhases = (
				D9AEFCBA243D752C0044DE73 /* Sources */,
				D9AEFCBB243D752C0044DE73 /* Frameworks */,
				D9AEFCBC243D752C0044DE73 /* Resources */,
			);
			buildRules = (
			);
			dependencies = (
				D9AEFCC0243D752C0044DE73 /* PBXTargetDependency */,
			);
			name = MandelbrotOSX3Tests;
			productName = MandelbrotOSX3Tests;
			productReference = D9AEFCBE243D752C0044DE73 /* MandelbrotOSX3Tests.xctest */;
			productType = "com.apple.product-type.bundle.unit-test";
		};
		D9AEFCC8243D752C0044DE73 /* MandelbrotOSX3UITests */ = {
			isa = PBXNativeTarget;
			buildConfigurationList = D9AEFCD8243D752C0044DE73 /* Build configuration list for PBXNativeTarget "MandelbrotOSX3UITests" */;
			buildPhases = (
				D9AEFCC5243D752C0044DE73 /* Sources */,
				D9AEFCC6243D752C0044DE73 /* Frameworks */,
				D9AEFCC7243D752C0044DE73 /* Resources */,
			);
			buildRules = (
			);
			dependencies = (
				D9AEFCCB243D752C0044DE73 /* PBXTargetDependency */,
			);
			name = MandelbrotOSX3UITests;
			productName = MandelbrotOSX3UITests;
			productReference = D9AEFCC9243D752C0044DE73 /* MandelbrotOSX3UITests.xctest */;
			productType = "com.apple.product-type.bundle.ui-testing";
		};
/* End PBXNativeTarget section */

/* Begin PBXProject section */
		D9AEFCA4243D752B0044DE73 /* Project object */ = {
			isa = PBXProject;
			attributes = {
				LastSwiftUpdateCheck = 1020;
				LastUpgradeCheck = 1020;
				ORGANIZATIONNAME = "Michael O'Connell";
				TargetAttributes = {
					D9AEFCAB243D752B0044DE73 = {
						CreatedOnToolsVersion = 10.2.1;
						SystemCapabilities = {
							com.apple.Sandbox = {
								enabled = 1;
							};
						};
					};
					D9AEFCBD243D752C0044DE73 = {
						CreatedOnToolsVersion = 10.2.1;
						TestTargetID = D9AEFCAB243D752B0044DE73;
					};
					D9AEFCC8243D752C0044DE73 = {
						CreatedOnToolsVersion = 10.2.1;
						TestTargetID = D9AEFCAB243D752B0044DE73;
					};
				};
			};
			buildConfigurationList = D9AEFCA7243D752B0044DE73 /* Build configuration list for PBXProject "MandelbrotOSX3" */;
			compatibilityVersion = "Xcode 9.3";
			developmentRegion = en;
			hasScannedForEncodings = 0;
			knownRegions = (
				en,
				Base,
			);
			mainGroup = D9AEFCA3243D752B0044DE73;
			productRefGroup = D9AEFCAD243D752B0044DE73 /* Products */;
			projectDirPath = "";
			projectRoot = "";
			targets = (
				D9AEFCAB243D752B0044DE73 /* MandelbrotOSX3 */,
				D9AEFCBD243D752C0044DE73 /* MandelbrotOSX3Tests */,
				D9AEFCC8243D752C0044DE73 /* MandelbrotOSX3UITests */,
			);
		};
/* End PBXProject section */

/* Begin PBXResourcesBuildPhase section */
		D9AEFCAA243D752B0044DE73 /* Resources */ = {
			isa = PBXResourcesBuildPhase;
			buildActionMask = 2147483647;
			files = (
				D9AEFCB4243D752C0044DE73 /* Assets.xcassets in Resources */,
				D9AEFCB7243D752C0044DE73 /* Main.storyboard in Resources */,
			);
			runOnlyForDeploymentPostprocessing = 0;
		};
		D9AEFCBC243D752C0044DE73 /* Resources */ = {
			isa = PBXResourcesBuildPhase;
			buildActionMask = 2147483647;
			files = (
			);
			runOnlyForDeploymentPostprocessing = 0;
		};
		D9AEFCC7243D752C0044DE73 /* Resources */ = {
			isa = PBXResourcesBuildPhase;
			buildActionMask = 2147483647;
			files = (
			);
			runOnlyForDeploymentPostprocessing = 0;
		};
/* End PBXResourcesBuildPhase section */

/* Begin PBXSourcesBuildPhase section */
		D9AEFCA8243D752B0044DE73 /* Sources */ = {
			isa = PBXSourcesBuildPhase;
			buildActionMask = 2147483647;
			files = (
				D9AEFCB2243D752B0044DE73 /* ViewController.swift in Sources */,
				D9AEFCDC243D778B0044DE73 /* CustomImageView.swift in Sources */,
				D9C71E95243E8A4C001A9DA7 /* CustomImage.swift in Sources */,
				D9AEFCB0243D752B0044DE73 /* AppDelegate.swift in Sources */,
			);
			runOnlyForDeploymentPostprocessing = 0;
		};
		D9AEFCBA243D752C0044DE73 /* Sources */ = {
			isa = PBXSourcesBuildPhase;
			buildActionMask = 2147483647;
			files = (
				D9AEFCC3243D752C0044DE73 /* MandelbrotOSX3Tests.swift in Sources */,
			);
			runOnlyForDeploymentPostprocessing = 0;
		};
		D9AEFCC5243D752C0044DE73 /* Sources */ = {
			isa = PBXSourcesBuildPhase;
			buildActionMask = 2147483647;
			files = (
				D9AEFCCE243D752C0044DE73 /* MandelbrotOSX3UITests.swift in Sources */,
			);
			runOnlyForDeploymentPostprocessing = 0;
		};
/* End PBXSourcesBuildPhase section */

/* Begin PBXTargetDependency section */
		D9AEFCC0243D752C0044DE73 /* PBXTargetDependency */ = {
			isa = PBXTargetDependency;
			target = D9AEFCAB243D752B0044DE73 /* MandelbrotOSX3 */;
			targetProxy = D9AEFCBF243D752C0044DE73 /* PBXContainerItemProxy */;
		};
		D9AEFCCB243D752C0044DE73 /* PBXTargetDependency */ = {
			isa = PBXTargetDependency;
			target = D9AEFCAB243D752B0044DE73 /* MandelbrotOSX3 */;
			targetProxy = D9AEFCCA243D752C0044DE73 /* PBXContainerItemProxy */;
		};
/* End PBXTargetDependency section */

/* Begin PBXVariantGroup section */
		D9AEFCB5243D752C0044DE73 /* Main.storyboard */ = {
			isa = PBXVariantGroup;
			children = (
				D9AEFCB6243D752C0044DE73 /* Base */,
			);
			name = Main.storyboard;
			sourceTree = "<group>";
		};
/* End PBXVariantGroup section */

/* Begin XCBuildConfiguration section */
		D9AEFCD0243D752C0044DE73 /* Debug */ = {
			isa = XCBuildConfiguration;
			buildSettings = {
				ALWAYS_SEARCH_USER_PATHS = NO;
				CLANG_ANALYZER_NONNULL = YES;
				CLANG_ANALYZER_NUMBER_OBJECT_CONVERSION = YES_AGGRESSIVE;
				CLANG_CXX_LANGUAGE_STANDARD = "gnu++14";
				CLANG_CXX_LIBRARY = "libc++";
				CLANG_ENABLE_MODULES = YES;
				CLANG_ENABLE_OBJC_ARC = YES;
				CLANG_ENABLE_OBJC_WEAK = YES;
				CLANG_WARN_BLOCK_CAPTURE_AUTORELEASING = YES;
				CLANG_WARN_BOOL_CONVERSION = YES;
				CLANG_WARN_COMMA = YES;
				CLANG_WARN_CONSTANT_CONVERSION = YES;
				CLANG_WARN_DEPRECATED_OBJC_IMPLEMENTATIONS = YES;
				CLANG_WARN_DIRECT_OBJC_ISA_USAGE = YES_ERROR;
				CLANG_WARN_DOCUMENTATION_COMMENTS = YES;
				CLANG_WARN_EMPTY_BODY = YES;
				CLANG_WARN_ENUM_CONVERSION = YES;
				CLANG_WARN_INFINITE_RECURSION = YES;
				CLANG_WARN_INT_CONVERSION = YES;
				CLANG_WARN_NON_LITERAL_NULL_CONVERSION = YES;
				CLANG_WARN_OBJC_IMPLICIT_RETAIN_SELF = YES;
				CLANG_WARN_OBJC_LITERAL_CONVERSION = YES;
				CLANG_WARN_OBJC_ROOT_CLASS = YES_ERROR;
				CLANG_WARN_RANGE_LOOP_ANALYSIS = YES;
				CLANG_WARN_STRICT_PROTOTYPES = YES;
				CLANG_WARN_SUSPICIOUS_MOVE = YES;
				CLANG_WARN_UNGUARDED_AVAILABILITY = YES_AGGRESSIVE;
				CLANG_WARN_UNREACHABLE_CODE = YES;
				CLANG_WARN__DUPLICATE_METHOD_MATCH = YES;
				CODE_SIGN_IDENTITY = "Mac Developer";
				COPY_PHASE_STRIP = NO;
				DEBUG_INFORMATION_FORMAT = dwarf;
				ENABLE_STRICT_OBJC_MSGSEND = YES;
				ENABLE_TESTABILITY = YES;
				GCC_C_LANGUAGE_STANDARD = gnu11;
				GCC_DYNAMIC_NO_PIC = NO;
				GCC_NO_COMMON_BLOCKS = YES;
				GCC_OPTIMIZATION_LEVEL = 0;
				GCC_PREPROCESSOR_DEFINITIONS = (
					"DEBUG=1",
					"$(inherited)",
				);
				GCC_WARN_64_TO_32_BIT_CONVERSION = YES;
				GCC_WARN_ABOUT_RETURN_TYPE = YES_ERROR;
				GCC_WARN_UNDECLARED_SELECTOR = YES;
				GCC_WARN_UNINITIALIZED_AUTOS = YES_AGGRESSIVE;
				GCC_WARN_UNUSED_FUNCTION = YES;
				GCC_WARN_UNUSED_VARIABLE = YES;
				MACOSX_DEPLOYMENT_TARGET = 10.14;
				MTL_ENABLE_DEBUG_INFO = INCLUDE_SOURCE;
				MTL_FAST_MATH = YES;
				ONLY_ACTIVE_ARCH = YES;
				SDKROOT = macosx;
				SWIFT_ACTIVE_COMPILATION_CONDITIONS = DEBUG;
				SWIFT_OPTIMIZATION_LEVEL = "-Onone";
			};
			name = Debug;
		};
		D9AEFCD1243D752C0044DE73 /* Release */ = {
			isa = XCBuildConfiguration;
			buildSettings = {
				ALWAYS_SEARCH_USER_PATHS = NO;
				CLANG_ANALYZER_NONNULL = YES;
				CLANG_ANALYZER_NUMBER_OBJECT_CONVERSION = YES_AGGRESSIVE;
				CLANG_CXX_LANGUAGE_STANDARD = "gnu++14";
				CLANG_CXX_LIBRARY = "libc++";
				CLANG_ENABLE_MODULES = YES;
				CLANG_ENABLE_OBJC_ARC = YES;
				CLANG_ENABLE_OBJC_WEAK = YES;
				CLANG_WARN_BLOCK_CAPTURE_AUTORELEASING = YES;
				CLANG_WARN_BOOL_CONVERSION = YES;
				CLANG_WARN_COMMA = YES;
				CLANG_WARN_CONSTANT_CONVERSION = YES;
				CLANG_WARN_DEPRECATED_OBJC_IMPLEMENTATIONS = YES;
				CLANG_WARN_DIRECT_OBJC_ISA_USAGE = YES_ERROR;
				CLANG_WARN_DOCUMENTATION_COMMENTS = YES;
				CLANG_WARN_EMPTY_BODY = YES;
				CLANG_WARN_ENUM_CONVERSION = YES;
				CLANG_WARN_INFINITE_RECURSION = YES;
				CLANG_WARN_INT_CONVERSION = YES;
				CLANG_WARN_NON_LITERAL_NULL_CONVERSION = YES;
				CLANG_WARN_OBJC_IMPLICIT_RETAIN_SELF = YES;
				CLANG_WARN_OBJC_LITERAL_CONVERSION = YES;
				CLANG_WARN_OBJC_ROOT_CLASS = YES_ERROR;
				CLANG_WARN_RANGE_LOOP_ANALYSIS = YES;
				CLANG_WARN_STRICT_PROTOTYPES = YES;
				CLANG_WARN_SUSPICIOUS_MOVE = YES;
				CLANG_WARN_UNGUARDED_AVAILABILITY = YES_AGGRESSIVE;
				CLANG_WARN_UNREACHABLE_CODE = YES;
				CLANG_WARN__DUPLICATE_METHOD_MATCH = YES;
				CODE_SIGN_IDENTITY = "Mac Developer";
				COPY_PHASE_STRIP = NO;
				DEBUG_INFORMATION_FORMAT = "dwarf-with-dsym";
				ENABLE_NS_ASSERTIONS = NO;
				ENABLE_STRICT_OBJC_MSGSEND = YES;
				GCC_C_LANGUAGE_STANDARD = gnu11;
				GCC_NO_COMMON_BLOCKS = YES;
				GCC_WARN_64_TO_32_BIT_CONVERSION = YES;
				GCC_WARN_ABOUT_RETURN_TYPE = YES_ERROR;
				GCC_WARN_UNDECLARED_SELECTOR = YES;
				GCC_WARN_UNINITIALIZED_AUTOS = YES_AGGRESSIVE;
				GCC_WARN_UNUSED_FUNCTION = YES;
				GCC_WARN_UNUSED_VARIABLE = YES;
				MACOSX_DEPLOYMENT_TARGET = 10.14;
				MTL_ENABLE_DEBUG_INFO = NO;
				MTL_FAST_MATH = YES;
				SDKROOT = macosx;
				SWIFT_COMPILATION_MODE = wholemodule;
				SWIFT_OPTIMIZATION_LEVEL = "-O";
			};
			name = Release;
		};
		D9AEFCD3243D752C0044DE73 /* Debug */ = {
			isa = XCBuildConfiguration;
			buildSettings = {
				ASSETCATALOG_COMPILER_APPICON_NAME = AppIcon;
				CODE_SIGN_ENTITLEMENTS = MandelbrotOSX3/MandelbrotOSX3.entitlements;
				CODE_SIGN_STYLE = Automatic;
				COMBINE_HIDPI_IMAGES = YES;
				DEVELOPMENT_TEAM = 5RKJCTW7W3;
				INFOPLIST_FILE = MandelbrotOSX3/Info.plist;
				LD_RUNPATH_SEARCH_PATHS = (
					"$(inherited)",
					"@executable_path/../Frameworks",
				);
				PRODUCT_BUNDLE_IDENTIFIER = org.sandcreekstudios.MandelbrotOSX3;
				PRODUCT_NAME = "$(TARGET_NAME)";
				SWIFT_VERSION = 5.0;
			};
			name = Debug;
		};
		D9AEFCD4243D752C0044DE73 /* Release */ = {
			isa = XCBuildConfiguration;
			buildSettings = {
				ASSETCATALOG_COMPILER_APPICON_NAME = AppIcon;
				CODE_SIGN_ENTITLEMENTS = MandelbrotOSX3/MandelbrotOSX3.entitlements;
				CODE_SIGN_STYLE = Automatic;
				COMBINE_HIDPI_IMAGES = YES;
				DEVELOPMENT_TEAM = 5RKJCTW7W3;
				INFOPLIST_FILE = MandelbrotOSX3/Info.plist;
				LD_RUNPATH_SEARCH_PATHS = (
					"$(inherited)",
					"@executable_path/../Frameworks",
				);
				PRODUCT_BUNDLE_IDENTIFIER = org.sandcreekstudios.MandelbrotOSX3;
				PRODUCT_NAME = "$(TARGET_NAME)";
				SWIFT_VERSION = 5.0;
			};
			name = Release;
		};
		D9AEFCD6243D752C0044DE73 /* Debug */ = {
			isa = XCBuildConfiguration;
			buildSettings = {
				ALWAYS_EMBED_SWIFT_STANDARD_LIBRARIES = YES;
				BUNDLE_LOADER = "$(TEST_HOST)";
				CODE_SIGN_STYLE = Automatic;
				COMBINE_HIDPI_IMAGES = YES;
				DEVELOPMENT_TEAM = 5RKJCTW7W3;
				INFOPLIST_FILE = MandelbrotOSX3Tests/Info.plist;
				LD_RUNPATH_SEARCH_PATHS = (
					"$(inherited)",
					"@executable_path/../Frameworks",
					"@loader_path/../Frameworks",
				);
				PRODUCT_BUNDLE_IDENTIFIER = org.sandcreekstudios.MandelbrotOSX3Tests;
				PRODUCT_NAME = "$(TARGET_NAME)";
				SWIFT_VERSION = 5.0;
				TEST_HOST = "$(BUILT_PRODUCTS_DIR)/MandelbrotOSX3.app/Contents/MacOS/MandelbrotOSX3";
			};
			name = Debug;
		};
		D9AEFCD7243D752C0044DE73 /* Release */ = {
			isa = XCBuildConfiguration;
			buildSettings = {
				ALWAYS_EMBED_SWIFT_STANDARD_LIBRARIES = YES;
				BUNDLE_LOADER = "$(TEST_HOST)";
				CODE_SIGN_STYLE = Automatic;
				COMBINE_HIDPI_IMAGES = YES;
				DEVELOPMENT_TEAM = 5RKJCTW7W3;
				INFOPLIST_FILE = MandelbrotOSX3Tests/Info.plist;
				LD_RUNPATH_SEARCH_PATHS = (
					"$(inherited)",
					"@executable_path/../Frameworks",
					"@loader_path/../Frameworks",
				);
				PRODUCT_BUNDLE_IDENTIFIER = org.sandcreekstudios.MandelbrotOSX3Tests;
				PRODUCT_NAME = "$(TARGET_NAME)";
				SWIFT_VERSION = 5.0;
				TEST_HOST = "$(BUILT_PRODUCTS_DIR)/MandelbrotOSX3.app/Contents/MacOS/MandelbrotOSX3";
			};
			name = Release;
		};
		D9AEFCD9243D752C0044DE73 /* Debug */ = {
			isa = XCBuildConfiguration;
			buildSettings = {
				ALWAYS_EMBED_SWIFT_STANDARD_LIBRARIES = YES;
				CODE_SIGN_STYLE = Automatic;
				COMBINE_HIDPI_IMAGES = YES;
				DEVELOPMENT_TEAM = 5RKJCTW7W3;
				INFOPLIST_FILE = MandelbrotOSX3UITests/Info.plist;
				LD_RUNPATH_SEARCH_PATHS = (
					"$(inherited)",
					"@executable_path/../Frameworks",
					"@loader_path/../Frameworks",
				);
				PRODUCT_BUNDLE_IDENTIFIER = org.sandcreekstudios.MandelbrotOSX3UITests;
				PRODUCT_NAME = "$(TARGET_NAME)";
				SWIFT_VERSION = 5.0;
				TEST_TARGET_NAME = MandelbrotOSX3;
			};
			name = Debug;
		};
		D9AEFCDA243D752C0044DE73 /* Release */ = {
			isa = XCBuildConfiguration;
			buildSettings = {
				ALWAYS_EMBED_SWIFT_STANDARD_LIBRARIES = YES;
				CODE_SIGN_STYLE = Automatic;
				COMBINE_HIDPI_IMAGES = YES;
				DEVELOPMENT_TEAM = 5RKJCTW7W3;
				INFOPLIST_FILE = MandelbrotOSX3UITests/Info.plist;
				LD_RUNPATH_SEARCH_PATHS = (
					"$(inherited)",
					"@executable_path/../Frameworks",
					"@loader_path/../Frameworks",
				);
				PRODUCT_BUNDLE_IDENTIFIER = org.sandcreekstudios.MandelbrotOSX3UITests;
				PRODUCT_NAME = "$(TARGET_NAME)";
				SWIFT_VERSION = 5.0;
				TEST_TARGET_NAME = MandelbrotOSX3;
			};
			name = Release;
		};
/* End XCBuildConfiguration section */

/* Begin XCConfigurationList section */
		D9AEFCA7243D752B0044DE73 /* Build configuration list for PBXProject "MandelbrotOSX3" */ = {
			isa = XCConfigurationList;
			buildConfigurations = (
				D9AEFCD0243D752C0044DE73 /* Debug */,
				D9AEFCD1243D752C0044DE73 /* Release */,
			);
			defaultConfigurationIsVisible = 0;
			defaultConfigurationName = Release;
		};
		D9AEFCD2243D752C0044DE73 /* Build configuration list for PBXNativeTarget "MandelbrotOSX3" */ = {
			isa = XCConfigurationList;
			buildConfigurations = (
				D9AEFCD3243D752C0044DE73 /* Debug */,
				D9AEFCD4243D752C0044DE73 /* Release */,
			);
			defaultConfigurationIsVisible = 0;
			defaultConfigurationName = Release;
		};
		D9AEFCD5243D752C0044DE73 /* Build configuration list for PBXNativeTarget "MandelbrotOSX3Tests" */ = {
			isa = XCConfigurationList;
			buildConfigurations = (
				D9AEFCD6243D752C0044DE73 /* Debug */,
				D9AEFCD7243D752C0044DE73 /* Release */,
			);
			defaultConfigurationIsVisible = 0;
			defaultConfigurationName = Release;
		};
		D9AEFCD8243D752C0044DE73 /* Build configuration list for PBXNativeTarget "MandelbrotOSX3UITests" */ = {
			isa = XCConfigurationList;
			buildConfigurations = (
				D9AEFCD9243D752C0044DE73 /* Debug */,
				D9AEFCDA243D752C0044DE73 /* Release */,
			);
			defaultConfigurationIsVisible = 0;
			defaultConfigurationName = Release;
		};
/* End XCConfigurationList section */
	};
	rootObject = D9AEFCA4243D752B0044DE73 /* Project object */;
}
